// !$*UTF8*$!
{
	archiveVersion = 1;
	classes = {
	};
	objectVersion = 50;
	objects = {

/* Begin PBXBuildFile section */
		1744945D23EABBA800E52E5E /* AppDelegate.swift in Sources */ = {isa = PBXBuildFile; fileRef = 1744945C23EABBA800E52E5E /* AppDelegate.swift */; };
		1744945F23EABBA800E52E5E /* TaskList.swift in Sources */ = {isa = PBXBuildFile; fileRef = 1744945E23EABBA800E52E5E /* TaskList.swift */; };
		1744946223EABBA800E52E5E /* TimeTurner.xcdatamodeld in Sources */ = {isa = PBXBuildFile; fileRef = 1744946023EABBA800E52E5E /* TimeTurner.xcdatamodeld */; };
		1744946423EABBAA00E52E5E /* Assets.xcassets in Resources */ = {isa = PBXBuildFile; fileRef = 1744946323EABBAA00E52E5E /* Assets.xcassets */; };
		1744946723EABBAA00E52E5E /* Preview Assets.xcassets in Resources */ = {isa = PBXBuildFile; fileRef = 1744946623EABBAA00E52E5E /* Preview Assets.xcassets */; };
		1744946A23EABBAA00E52E5E /* Main.storyboard in Resources */ = {isa = PBXBuildFile; fileRef = 1744946823EABBAA00E52E5E /* Main.storyboard */; };
		1744947323EABC3500E52E5E /* Task.swift in Sources */ = {isa = PBXBuildFile; fileRef = 1744947223EABC3500E52E5E /* Task.swift */; };
		1744947523EABD7400E52E5E /* TaskRow.swift in Sources */ = {isa = PBXBuildFile; fileRef = 1744947423EABD7400E52E5E /* TaskRow.swift */; };
		1744947723EABDA300E52E5E /* Checkbox.swift in Sources */ = {isa = PBXBuildFile; fileRef = 1744947623EABDA300E52E5E /* Checkbox.swift */; };
		1744947923EB05E500E52E5E /* DateSelector.swift in Sources */ = {isa = PBXBuildFile; fileRef = 1744947823EB05E400E52E5E /* DateSelector.swift */; };
		1749F0562401062D009CCA0C /* DueDate.swift in Sources */ = {isa = PBXBuildFile; fileRef = 1749F0552401062D009CCA0C /* DueDate.swift */; };
		178FBE7524135DAB00E8F2D2 /* AppDelegate.swift in Sources */ = {isa = PBXBuildFile; fileRef = 178FBE7424135DAB00E8F2D2 /* AppDelegate.swift */; };
		178FBE7724135DAB00E8F2D2 /* SceneDelegate.swift in Sources */ = {isa = PBXBuildFile; fileRef = 178FBE7624135DAB00E8F2D2 /* SceneDelegate.swift */; };
		178FBE7A24135DAB00E8F2D2 /* TimeTurner_iOS.xcdatamodeld in Sources */ = {isa = PBXBuildFile; fileRef = 178FBE7824135DAB00E8F2D2 /* TimeTurner_iOS.xcdatamodeld */; };
		178FBE7C24135DAB00E8F2D2 /* ContentView.swift in Sources */ = {isa = PBXBuildFile; fileRef = 178FBE7B24135DAB00E8F2D2 /* ContentView.swift */; };
		178FBE7E24135DAE00E8F2D2 /* Assets.xcassets in Resources */ = {isa = PBXBuildFile; fileRef = 178FBE7D24135DAE00E8F2D2 /* Assets.xcassets */; };
		178FBE8124135DAE00E8F2D2 /* Preview Assets.xcassets in Resources */ = {isa = PBXBuildFile; fileRef = 178FBE8024135DAE00E8F2D2 /* Preview Assets.xcassets */; };
		178FBE8424135DAE00E8F2D2 /* LaunchScreen.storyboard in Resources */ = {isa = PBXBuildFile; fileRef = 178FBE8224135DAE00E8F2D2 /* LaunchScreen.storyboard */; };
		178FBE8C241361F800E8F2D2 /* Tab1.swift in Sources */ = {isa = PBXBuildFile; fileRef = 178FBE8B241361F800E8F2D2 /* Tab1.swift */; };
		178FBE8E2413620100E8F2D2 /* Tab2.swift in Sources */ = {isa = PBXBuildFile; fileRef = 178FBE8D2413620000E8F2D2 /* Tab2.swift */; };
		17C7CA8023EFE9AC00D8FCD6 /* ContentView.swift in Sources */ = {isa = PBXBuildFile; fileRef = 17C7CA7F23EFE9AC00D8FCD6 /* ContentView.swift */; };
		F94872CB24304AB10056F09A /* TaskRow.swift in Sources */ = {isa = PBXBuildFile; fileRef = F94872CA24304AB10056F09A /* TaskRow.swift */; };
		F94872CD24304D590056F09A /* Task+Extensions.swift in Sources */ = {isa = PBXBuildFile; fileRef = F94872CC24304D590056F09A /* Task+Extensions.swift */; };
		F94872CF24305BB10056F09A /* Checkbox.swift in Sources */ = {isa = PBXBuildFile; fileRef = F94872CE24305BB10056F09A /* Checkbox.swift */; };
		F94872D124305BF10056F09A /* DueDate.swift in Sources */ = {isa = PBXBuildFile; fileRef = F94872D024305BF10056F09A /* DueDate.swift */; };
		F94872D324305D5D0056F09A /* DateSelector.swift in Sources */ = {isa = PBXBuildFile; fileRef = F94872D224305D5D0056F09A /* DateSelector.swift */; };
/* End PBXBuildFile section */

/* Begin PBXFileReference section */
		1744945923EABBA800E52E5E /* TimeTurner.app */ = {isa = PBXFileReference; explicitFileType = wrapper.application; includeInIndex = 0; path = TimeTurner.app; sourceTree = BUILT_PRODUCTS_DIR; };
		1744945C23EABBA800E52E5E /* AppDelegate.swift */ = {isa = PBXFileReference; lastKnownFileType = sourcecode.swift; path = AppDelegate.swift; sourceTree = "<group>"; };
		1744945E23EABBA800E52E5E /* TaskList.swift */ = {isa = PBXFileReference; lastKnownFileType = sourcecode.swift; path = TaskList.swift; sourceTree = "<group>"; };
		1744946123EABBA800E52E5E /* TimeTurner.xcdatamodel */ = {isa = PBXFileReference; lastKnownFileType = wrapper.xcdatamodel; path = TimeTurner.xcdatamodel; sourceTree = "<group>"; };
		1744946323EABBAA00E52E5E /* Assets.xcassets */ = {isa = PBXFileReference; lastKnownFileType = folder.assetcatalog; path = Assets.xcassets; sourceTree = "<group>"; };
		1744946623EABBAA00E52E5E /* Preview Assets.xcassets */ = {isa = PBXFileReference; lastKnownFileType = folder.assetcatalog; path = "Preview Assets.xcassets"; sourceTree = "<group>"; };
		1744946923EABBAA00E52E5E /* Base */ = {isa = PBXFileReference; lastKnownFileType = file.storyboard; name = Base; path = Base.lproj/Main.storyboard; sourceTree = "<group>"; };
		1744946B23EABBAB00E52E5E /* Info.plist */ = {isa = PBXFileReference; lastKnownFileType = text.plist.xml; path = Info.plist; sourceTree = "<group>"; };
		1744946C23EABBAB00E52E5E /* TimeTurner.entitlements */ = {isa = PBXFileReference; lastKnownFileType = text.plist.entitlements; path = TimeTurner.entitlements; sourceTree = "<group>"; };
		1744947223EABC3500E52E5E /* Task.swift */ = {isa = PBXFileReference; lastKnownFileType = sourcecode.swift; path = Task.swift; sourceTree = "<group>"; };
		1744947423EABD7400E52E5E /* TaskRow.swift */ = {isa = PBXFileReference; lastKnownFileType = sourcecode.swift; path = TaskRow.swift; sourceTree = "<group>"; };
		1744947623EABDA300E52E5E /* Checkbox.swift */ = {isa = PBXFileReference; lastKnownFileType = sourcecode.swift; path = Checkbox.swift; sourceTree = "<group>"; };
		1744947823EB05E400E52E5E /* DateSelector.swift */ = {isa = PBXFileReference; lastKnownFileType = sourcecode.swift; path = DateSelector.swift; sourceTree = "<group>"; };
		1749F0552401062D009CCA0C /* DueDate.swift */ = {isa = PBXFileReference; lastKnownFileType = sourcecode.swift; path = DueDate.swift; sourceTree = "<group>"; };
		178FBE7224135DAB00E8F2D2 /* TimeTurner_iOS.app */ = {isa = PBXFileReference; explicitFileType = wrapper.application; includeInIndex = 0; path = TimeTurner_iOS.app; sourceTree = BUILT_PRODUCTS_DIR; };
		178FBE7424135DAB00E8F2D2 /* AppDelegate.swift */ = {isa = PBXFileReference; lastKnownFileType = sourcecode.swift; path = AppDelegate.swift; sourceTree = "<group>"; };
		178FBE7624135DAB00E8F2D2 /* SceneDelegate.swift */ = {isa = PBXFileReference; lastKnownFileType = sourcecode.swift; path = SceneDelegate.swift; sourceTree = "<group>"; };
		178FBE7924135DAB00E8F2D2 /* TimeTurner_iOS.xcdatamodel */ = {isa = PBXFileReference; lastKnownFileType = wrapper.xcdatamodel; path = TimeTurner_iOS.xcdatamodel; sourceTree = "<group>"; };
		178FBE7B24135DAB00E8F2D2 /* ContentView.swift */ = {isa = PBXFileReference; lastKnownFileType = sourcecode.swift; path = ContentView.swift; sourceTree = "<group>"; };
		178FBE7D24135DAE00E8F2D2 /* Assets.xcassets */ = {isa = PBXFileReference; lastKnownFileType = folder.assetcatalog; path = Assets.xcassets; sourceTree = "<group>"; };
		178FBE8024135DAE00E8F2D2 /* Preview Assets.xcassets */ = {isa = PBXFileReference; lastKnownFileType = folder.assetcatalog; path = "Preview Assets.xcassets"; sourceTree = "<group>"; };
		178FBE8324135DAE00E8F2D2 /* Base */ = {isa = PBXFileReference; lastKnownFileType = file.storyboard; name = Base; path = Base.lproj/LaunchScreen.storyboard; sourceTree = "<group>"; };
		178FBE8524135DAE00E8F2D2 /* Info.plist */ = {isa = PBXFileReference; lastKnownFileType = text.plist.xml; path = Info.plist; sourceTree = "<group>"; };
		178FBE8B241361F800E8F2D2 /* Tab1.swift */ = {isa = PBXFileReference; lastKnownFileType = sourcecode.swift; path = Tab1.swift; sourceTree = "<group>"; };
		178FBE8D2413620000E8F2D2 /* Tab2.swift */ = {isa = PBXFileReference; lastKnownFileType = sourcecode.swift; path = Tab2.swift; sourceTree = "<group>"; };
		17C7CA7F23EFE9AC00D8FCD6 /* ContentView.swift */ = {isa = PBXFileReference; lastKnownFileType = sourcecode.swift; path = ContentView.swift; sourceTree = "<group>"; };
		F94872CA24304AB10056F09A /* TaskRow.swift */ = {isa = PBXFileReference; lastKnownFileType = sourcecode.swift; path = TaskRow.swift; sourceTree = "<group>"; };
		F94872CC24304D590056F09A /* Task+Extensions.swift */ = {isa = PBXFileReference; lastKnownFileType = sourcecode.swift; path = "Task+Extensions.swift"; sourceTree = "<group>"; };
		F94872CE24305BB10056F09A /* Checkbox.swift */ = {isa = PBXFileReference; lastKnownFileType = sourcecode.swift; path = Checkbox.swift; sourceTree = "<group>"; };
		F94872D024305BF10056F09A /* DueDate.swift */ = {isa = PBXFileReference; lastKnownFileType = sourcecode.swift; path = DueDate.swift; sourceTree = "<group>"; };
		F94872D224305D5D0056F09A /* DateSelector.swift */ = {isa = PBXFileReference; lastKnownFileType = sourcecode.swift; path = DateSelector.swift; sourceTree = "<group>"; };
/* End PBXFileReference section */

/* Begin PBXFrameworksBuildPhase section */
		1744945623EABBA800E52E5E /* Frameworks */ = {
			isa = PBXFrameworksBuildPhase;
			buildActionMask = 2147483647;
			files = (
			);
			runOnlyForDeploymentPostprocessing = 0;
		};
		178FBE6F24135DAB00E8F2D2 /* Frameworks */ = {
			isa = PBXFrameworksBuildPhase;
			buildActionMask = 2147483647;
			files = (
			);
			runOnlyForDeploymentPostprocessing = 0;
		};
/* End PBXFrameworksBuildPhase section */

/* Begin PBXGroup section */
		1744945023EABBA800E52E5E = {
			isa = PBXGroup;
			children = (
				1744945B23EABBA800E52E5E /* TimeTurner */,
				178FBE7324135DAB00E8F2D2 /* TimeTurner_iOS */,
				1744945A23EABBA800E52E5E /* Products */,
			);
			sourceTree = "<group>";
		};
		1744945A23EABBA800E52E5E /* Products */ = {
			isa = PBXGroup;
			children = (
				1744945923EABBA800E52E5E /* TimeTurner.app */,
				178FBE7224135DAB00E8F2D2 /* TimeTurner_iOS.app */,
			);
			name = Products;
			sourceTree = "<group>";
		};
		1744945B23EABBA800E52E5E /* TimeTurner */ = {
			isa = PBXGroup;
			children = (
				1744945C23EABBA800E52E5E /* AppDelegate.swift */,
				1744945E23EABBA800E52E5E /* TaskList.swift */,
				17C7CA7F23EFE9AC00D8FCD6 /* ContentView.swift */,
				1744947423EABD7400E52E5E /* TaskRow.swift */,
				1749F0552401062D009CCA0C /* DueDate.swift */,
				1744947823EB05E400E52E5E /* DateSelector.swift */,
				1744947623EABDA300E52E5E /* Checkbox.swift */,
				1744946323EABBAA00E52E5E /* Assets.xcassets */,
				1744946823EABBAA00E52E5E /* Main.storyboard */,
				1744946B23EABBAB00E52E5E /* Info.plist */,
				1744946C23EABBAB00E52E5E /* TimeTurner.entitlements */,
				1744946023EABBA800E52E5E /* TimeTurner.xcdatamodeld */,
				1744947223EABC3500E52E5E /* Task.swift */,
				1744946523EABBAA00E52E5E /* Preview Content */,
			);
			path = TimeTurner;
			sourceTree = "<group>";
		};
		1744946523EABBAA00E52E5E /* Preview Content */ = {
			isa = PBXGroup;
			children = (
				1744946623EABBAA00E52E5E /* Preview Assets.xcassets */,
			);
			path = "Preview Content";
			sourceTree = "<group>";
		};
		178FBE7324135DAB00E8F2D2 /* TimeTurner_iOS */ = {
			isa = PBXGroup;
			children = (
				178FBE7424135DAB00E8F2D2 /* AppDelegate.swift */,
				178FBE7624135DAB00E8F2D2 /* SceneDelegate.swift */,
				178FBE8B241361F800E8F2D2 /* Tab1.swift */,
				178FBE8D2413620000E8F2D2 /* Tab2.swift */,
				178FBE7B24135DAB00E8F2D2 /* ContentView.swift */,
				F94872CA24304AB10056F09A /* TaskRow.swift */,
				F94872CC24304D590056F09A /* Task+Extensions.swift */,
				178FBE7D24135DAE00E8F2D2 /* Assets.xcassets */,
				178FBE8224135DAE00E8F2D2 /* LaunchScreen.storyboard */,
				178FBE8524135DAE00E8F2D2 /* Info.plist */,
				178FBE7824135DAB00E8F2D2 /* TimeTurner_iOS.xcdatamodeld */,
				178FBE7F24135DAE00E8F2D2 /* Preview Content */,
				F94872CE24305BB10056F09A /* Checkbox.swift */,
				F94872D024305BF10056F09A /* DueDate.swift */,
				F94872D224305D5D0056F09A /* DateSelector.swift */,
			);
			path = TimeTurner_iOS;
			sourceTree = "<group>";
		};
		178FBE7F24135DAE00E8F2D2 /* Preview Content */ = {
			isa = PBXGroup;
			children = (
				178FBE8024135DAE00E8F2D2 /* Preview Assets.xcassets */,
			);
			path = "Preview Content";
			sourceTree = "<group>";
		};
/* End PBXGroup section */

/* Begin PBXNativeTarget section */
		1744945823EABBA800E52E5E /* TimeTurner */ = {
			isa = PBXNativeTarget;
			buildConfigurationList = 1744946F23EABBAB00E52E5E /* Build configuration list for PBXNativeTarget "TimeTurner" */;
			buildPhases = (
				1744945523EABBA800E52E5E /* Sources */,
				1744945623EABBA800E52E5E /* Frameworks */,
				1744945723EABBA800E52E5E /* Resources */,
			);
			buildRules = (
			);
			dependencies = (
			);
			name = TimeTurner;
			productName = TimeTurner;
			productReference = 1744945923EABBA800E52E5E /* TimeTurner.app */;
			productType = "com.apple.product-type.application";
		};
		178FBE7124135DAB00E8F2D2 /* TimeTurner_iOS */ = {
			isa = PBXNativeTarget;
			buildConfigurationList = 178FBE8824135DAE00E8F2D2 /* Build configuration list for PBXNativeTarget "TimeTurner_iOS" */;
			buildPhases = (
				178FBE6E24135DAB00E8F2D2 /* Sources */,
				178FBE6F24135DAB00E8F2D2 /* Frameworks */,
				178FBE7024135DAB00E8F2D2 /* Resources */,
			);
			buildRules = (
			);
			dependencies = (
			);
			name = TimeTurner_iOS;
			productName = TimeTurner_iOS;
			productReference = 178FBE7224135DAB00E8F2D2 /* TimeTurner_iOS.app */;
			productType = "com.apple.product-type.application";
		};
/* End PBXNativeTarget section */

/* Begin PBXProject section */
		1744945123EABBA800E52E5E /* Project object */ = {
			isa = PBXProject;
			attributes = {
				LastSwiftUpdateCheck = 1130;
				LastUpgradeCheck = 1130;
				ORGANIZATIONNAME = "Kun Jeong";
				TargetAttributes = {
					1744945823EABBA800E52E5E = {
						CreatedOnToolsVersion = 11.3.1;
					};
					178FBE7124135DAB00E8F2D2 = {
						CreatedOnToolsVersion = 11.3.1;
					};
				};
			};
			buildConfigurationList = 1744945423EABBA800E52E5E /* Build configuration list for PBXProject "TimeTurner" */;
			compatibilityVersion = "Xcode 9.3";
			developmentRegion = en;
			hasScannedForEncodings = 0;
			knownRegions = (
				en,
				Base,
			);
			mainGroup = 1744945023EABBA800E52E5E;
			productRefGroup = 1744945A23EABBA800E52E5E /* Products */;
			projectDirPath = "";
			projectRoot = "";
			targets = (
				1744945823EABBA800E52E5E /* TimeTurner */,
				178FBE7124135DAB00E8F2D2 /* TimeTurner_iOS */,
			);
		};
/* End PBXProject section */

/* Begin PBXResourcesBuildPhase section */
		1744945723EABBA800E52E5E /* Resources */ = {
			isa = PBXResourcesBuildPhase;
			buildActionMask = 2147483647;
			files = (
				1744946A23EABBAA00E52E5E /* Main.storyboard in Resources */,
				1744946723EABBAA00E52E5E /* Preview Assets.xcassets in Resources */,
				1744946423EABBAA00E52E5E /* Assets.xcassets in Resources */,
			);
			runOnlyForDeploymentPostprocessing = 0;
		};
		178FBE7024135DAB00E8F2D2 /* Resources */ = {
			isa = PBXResourcesBuildPhase;
			buildActionMask = 2147483647;
			files = (
				178FBE8424135DAE00E8F2D2 /* LaunchScreen.storyboard in Resources */,
				178FBE8124135DAE00E8F2D2 /* Preview Assets.xcassets in Resources */,
				178FBE7E24135DAE00E8F2D2 /* Assets.xcassets in Resources */,
			);
			runOnlyForDeploymentPostprocessing = 0;
		};
/* End PBXResourcesBuildPhase section */

/* Begin PBXSourcesBuildPhase section */
		1744945523EABBA800E52E5E /* Sources */ = {
			isa = PBXSourcesBuildPhase;
			buildActionMask = 2147483647;
			files = (
				1744947523EABD7400E52E5E /* TaskRow.swift in Sources */,
				1744947323EABC3500E52E5E /* Task.swift in Sources */,
				1749F0562401062D009CCA0C /* DueDate.swift in Sources */,
				17C7CA8023EFE9AC00D8FCD6 /* ContentView.swift in Sources */,
				1744947723EABDA300E52E5E /* Checkbox.swift in Sources */,
				1744945F23EABBA800E52E5E /* TaskList.swift in Sources */,
				1744946223EABBA800E52E5E /* TimeTurner.xcdatamodeld in Sources */,
				1744947923EB05E500E52E5E /* DateSelector.swift in Sources */,
				1744945D23EABBA800E52E5E /* AppDelegate.swift in Sources */,
			);
			runOnlyForDeploymentPostprocessing = 0;
		};
		178FBE6E24135DAB00E8F2D2 /* Sources */ = {
			isa = PBXSourcesBuildPhase;
			buildActionMask = 2147483647;
			files = (
				F94872D124305BF10056F09A /* DueDate.swift in Sources */,
				178FBE7524135DAB00E8F2D2 /* AppDelegate.swift in Sources */,
				178FBE7A24135DAB00E8F2D2 /* TimeTurner_iOS.xcdatamodeld in Sources */,
				F94872CF24305BB10056F09A /* Checkbox.swift in Sources */,
				178FBE8E2413620100E8F2D2 /* Tab2.swift in Sources */,
				178FBE7C24135DAB00E8F2D2 /* ContentView.swift in Sources */,
				178FBE8C241361F800E8F2D2 /* Tab1.swift in Sources */,
				F94872CB24304AB10056F09A /* TaskRow.swift in Sources */,
				F94872D324305D5D0056F09A /* DateSelector.swift in Sources */,
				F94872CD24304D590056F09A /* Task+Extensions.swift in Sources */,
				178FBE7724135DAB00E8F2D2 /* SceneDelegate.swift in Sources */,
			);
			runOnlyForDeploymentPostprocessing = 0;
		};
/* End PBXSourcesBuildPhase section */

/* Begin PBXVariantGroup section */
		1744946823EABBAA00E52E5E /* Main.storyboard */ = {
			isa = PBXVariantGroup;
			children = (
				1744946923EABBAA00E52E5E /* Base */,
			);
			name = Main.storyboard;
			sourceTree = "<group>";
		};
		178FBE8224135DAE00E8F2D2 /* LaunchScreen.storyboard */ = {
			isa = PBXVariantGroup;
			children = (
				178FBE8324135DAE00E8F2D2 /* Base */,
			);
			name = LaunchScreen.storyboard;
			sourceTree = "<group>";
		};
/* End PBXVariantGroup section */

/* Begin XCBuildConfiguration section */
		1744946D23EABBAB00E52E5E /* Debug */ = {
			isa = XCBuildConfiguration;
			buildSettings = {
				ALWAYS_SEARCH_USER_PATHS = NO;
				CLANG_ANALYZER_NONNULL = YES;
				CLANG_ANALYZER_NUMBER_OBJECT_CONVERSION = YES_AGGRESSIVE;
				CLANG_CXX_LANGUAGE_STANDARD = "gnu++14";
				CLANG_CXX_LIBRARY = "libc++";
				CLANG_ENABLE_MODULES = YES;
				CLANG_ENABLE_OBJC_ARC = YES;
				CLANG_ENABLE_OBJC_WEAK = YES;
				CLANG_WARN_BLOCK_CAPTURE_AUTORELEASING = YES;
				CLANG_WARN_BOOL_CONVERSION = YES;
				CLANG_WARN_COMMA = YES;
				CLANG_WARN_CONSTANT_CONVERSION = YES;
				CLANG_WARN_DEPRECATED_OBJC_IMPLEMENTATIONS = YES;
				CLANG_WARN_DIRECT_OBJC_ISA_USAGE = YES_ERROR;
				CLANG_WARN_DOCUMENTATION_COMMENTS = YES;
				CLANG_WARN_EMPTY_BODY = YES;
				CLANG_WARN_ENUM_CONVERSION = YES;
				CLANG_WARN_INFINITE_RECURSION = YES;
				CLANG_WARN_INT_CONVERSION = YES;
				CLANG_WARN_NON_LITERAL_NULL_CONVERSION = YES;
				CLANG_WARN_OBJC_IMPLICIT_RETAIN_SELF = YES;
				CLANG_WARN_OBJC_LITERAL_CONVERSION = YES;
				CLANG_WARN_OBJC_ROOT_CLASS = YES_ERROR;
				CLANG_WARN_RANGE_LOOP_ANALYSIS = YES;
				CLANG_WARN_STRICT_PROTOTYPES = YES;
				CLANG_WARN_SUSPICIOUS_MOVE = YES;
				CLANG_WARN_UNGUARDED_AVAILABILITY = YES_AGGRESSIVE;
				CLANG_WARN_UNREACHABLE_CODE = YES;
				CLANG_WARN__DUPLICATE_METHOD_MATCH = YES;
				COPY_PHASE_STRIP = NO;
				DEBUG_INFORMATION_FORMAT = dwarf;
				ENABLE_STRICT_OBJC_MSGSEND = YES;
				ENABLE_TESTABILITY = YES;
				GCC_C_LANGUAGE_STANDARD = gnu11;
				GCC_DYNAMIC_NO_PIC = NO;
				GCC_NO_COMMON_BLOCKS = YES;
				GCC_OPTIMIZATION_LEVEL = 0;
				GCC_PREPROCESSOR_DEFINITIONS = (
					"DEBUG=1",
					"$(inherited)",
				);
				GCC_WARN_64_TO_32_BIT_CONVERSION = YES;
				GCC_WARN_ABOUT_RETURN_TYPE = YES_ERROR;
				GCC_WARN_UNDECLARED_SELECTOR = YES;
				GCC_WARN_UNINITIALIZED_AUTOS = YES_AGGRESSIVE;
				GCC_WARN_UNUSED_FUNCTION = YES;
				GCC_WARN_UNUSED_VARIABLE = YES;
				MACOSX_DEPLOYMENT_TARGET = 10.15;
				MTL_ENABLE_DEBUG_INFO = INCLUDE_SOURCE;
				MTL_FAST_MATH = YES;
				ONLY_ACTIVE_ARCH = YES;
				SDKROOT = macosx;
				SWIFT_ACTIVE_COMPILATION_CONDITIONS = DEBUG;
				SWIFT_OPTIMIZATION_LEVEL = "-Onone";
			};
			name = Debug;
		};
		1744946E23EABBAB00E52E5E /* Release */ = {
			isa = XCBuildConfiguration;
			buildSettings = {
				ALWAYS_SEARCH_USER_PATHS = NO;
				CLANG_ANALYZER_NONNULL = YES;
				CLANG_ANALYZER_NUMBER_OBJECT_CONVERSION = YES_AGGRESSIVE;
				CLANG_CXX_LANGUAGE_STANDARD = "gnu++14";
				CLANG_CXX_LIBRARY = "libc++";
				CLANG_ENABLE_MODULES = YES;
				CLANG_ENABLE_OBJC_ARC = YES;
				CLANG_ENABLE_OBJC_WEAK = YES;
				CLANG_WARN_BLOCK_CAPTURE_AUTORELEASING = YES;
				CLANG_WARN_BOOL_CONVERSION = YES;
				CLANG_WARN_COMMA = YES;
				CLANG_WARN_CONSTANT_CONVERSION = YES;
				CLANG_WARN_DEPRECATED_OBJC_IMPLEMENTATIONS = YES;
				CLANG_WARN_DIRECT_OBJC_ISA_USAGE = YES_ERROR;
				CLANG_WARN_DOCUMENTATION_COMMENTS = YES;
				CLANG_WARN_EMPTY_BODY = YES;
				CLANG_WARN_ENUM_CONVERSION = YES;
				CLANG_WARN_INFINITE_RECURSION = YES;
				CLANG_WARN_INT_CONVERSION = YES;
				CLANG_WARN_NON_LITERAL_NULL_CONVERSION = YES;
				CLANG_WARN_OBJC_IMPLICIT_RETAIN_SELF = YES;
				CLANG_WARN_OBJC_LITERAL_CONVERSION = YES;
				CLANG_WARN_OBJC_ROOT_CLASS = YES_ERROR;
				CLANG_WARN_RANGE_LOOP_ANALYSIS = YES;
				CLANG_WARN_STRICT_PROTOTYPES = YES;
				CLANG_WARN_SUSPICIOUS_MOVE = YES;
				CLANG_WARN_UNGUARDED_AVAILABILITY = YES_AGGRESSIVE;
				CLANG_WARN_UNREACHABLE_CODE = YES;
				CLANG_WARN__DUPLICATE_METHOD_MATCH = YES;
				COPY_PHASE_STRIP = NO;
				DEBUG_INFORMATION_FORMAT = "dwarf-with-dsym";
				ENABLE_NS_ASSERTIONS = NO;
				ENABLE_STRICT_OBJC_MSGSEND = YES;
				GCC_C_LANGUAGE_STANDARD = gnu11;
				GCC_NO_COMMON_BLOCKS = YES;
				GCC_WARN_64_TO_32_BIT_CONVERSION = YES;
				GCC_WARN_ABOUT_RETURN_TYPE = YES_ERROR;
				GCC_WARN_UNDECLARED_SELECTOR = YES;
				GCC_WARN_UNINITIALIZED_AUTOS = YES_AGGRESSIVE;
				GCC_WARN_UNUSED_FUNCTION = YES;
				GCC_WARN_UNUSED_VARIABLE = YES;
				MACOSX_DEPLOYMENT_TARGET = 10.15;
				MTL_ENABLE_DEBUG_INFO = NO;
				MTL_FAST_MATH = YES;
				SDKROOT = macosx;
				SWIFT_COMPILATION_MODE = wholemodule;
				SWIFT_OPTIMIZATION_LEVEL = "-O";
			};
			name = Release;
		};
		1744947023EABBAB00E52E5E /* Debug */ = {
			isa = XCBuildConfiguration;
			buildSettings = {
				ASSETCATALOG_COMPILER_APPICON_NAME = AppIcon;
				CODE_SIGN_ENTITLEMENTS = TimeTurner/TimeTurner.entitlements;
				CODE_SIGN_STYLE = Automatic;
				COMBINE_HIDPI_IMAGES = YES;
				DEVELOPMENT_ASSET_PATHS = "\"TimeTurner/Preview Content\"";
				DEVELOPMENT_TEAM = W376D83N8C;
				ENABLE_HARDENED_RUNTIME = YES;
				ENABLE_PREVIEWS = YES;
				INFOPLIST_FILE = TimeTurner/Info.plist;
				LD_RUNPATH_SEARCH_PATHS = (
					"$(inherited)",
					"@executable_path/../Frameworks",
				);
				MACOSX_DEPLOYMENT_TARGET = 10.15;
				PRODUCT_BUNDLE_IDENTIFIER = com.kunjeong.TimeTurner;
				PRODUCT_NAME = "$(TARGET_NAME)";
				SWIFT_VERSION = 5.0;
			};
			name = Debug;
		};
		1744947123EABBAB00E52E5E /* Release */ = {
			isa = XCBuildConfiguration;
			buildSettings = {
				ASSETCATALOG_COMPILER_APPICON_NAME = AppIcon;
				CODE_SIGN_ENTITLEMENTS = TimeTurner/TimeTurner.entitlements;
				CODE_SIGN_STYLE = Automatic;
				COMBINE_HIDPI_IMAGES = YES;
				DEVELOPMENT_ASSET_PATHS = "\"TimeTurner/Preview Content\"";
				DEVELOPMENT_TEAM = 7QV6VMKR7R;
				ENABLE_HARDENED_RUNTIME = YES;
				ENABLE_PREVIEWS = YES;
				INFOPLIST_FILE = TimeTurner/Info.plist;
				LD_RUNPATH_SEARCH_PATHS = (
					"$(inherited)",
					"@executable_path/../Frameworks",
				);
				MACOSX_DEPLOYMENT_TARGET = 10.15;
				PRODUCT_BUNDLE_IDENTIFIER = com.kunjeong.TimeTurner;
				PRODUCT_NAME = "$(TARGET_NAME)";
				SWIFT_VERSION = 5.0;
			};
			name = Release;
		};
		178FBE8624135DAE00E8F2D2 /* Debug */ = {
			isa = XCBuildConfiguration;
			buildSettings = {
				ASSETCATALOG_COMPILER_APPICON_NAME = AppIcon;
				CODE_SIGN_STYLE = Automatic;
				DEVELOPMENT_ASSET_PATHS = "\"TimeTurner_iOS/Preview Content\"";
				DEVELOPMENT_TEAM = 7QV6VMKR7R;
				ENABLE_PREVIEWS = YES;
				INFOPLIST_FILE = TimeTurner_iOS/Info.plist;
				IPHONEOS_DEPLOYMENT_TARGET = 13.2;
				LD_RUNPATH_SEARCH_PATHS = (
					"$(inherited)",
					"@executable_path/Frameworks",
				);
				PRODUCT_BUNDLE_IDENTIFIER = "com.kunjeong.TimeTurner-iOS";
				PRODUCT_NAME = "$(TARGET_NAME)";
				SDKROOT = iphoneos;
				SWIFT_VERSION = 5.0;
				TARGETED_DEVICE_FAMILY = "1,2";
			};
			name = Debug;
		};
		178FBE8724135DAE00E8F2D2 /* Release */ = {
			isa = XCBuildConfiguration;
			buildSettings = {
				ASSETCATALOG_COMPILER_APPICON_NAME = AppIcon;
				CODE_SIGN_STYLE = Automatic;
				DEVELOPMENT_ASSET_PATHS = "\"TimeTurner_iOS/Preview Content\"";
				DEVELOPMENT_TEAM = 7QV6VMKR7R;
				ENABLE_PREVIEWS = YES;
				INFOPLIST_FILE = TimeTurner_iOS/Info.plist;
				IPHONEOS_DEPLOYMENT_TARGET = 13.2;
				LD_RUNPATH_SEARCH_PATHS = (
					"$(inherited)",
					"@executable_path/Frameworks",
				);
				PRODUCT_BUNDLE_IDENTIFIER = "com.kunjeong.TimeTurner-iOS";
				PRODUCT_NAME = "$(TARGET_NAME)";
				SDKROOT = iphoneos;
				SWIFT_VERSION = 5.0;
				TARGETED_DEVICE_FAMILY = "1,2";
				VALIDATE_PRODUCT = YES;
			};
			name = Release;
		};
/* End XCBuildConfiguration section */

/* Begin XCConfigurationList section */
		1744945423EABBA800E52E5E /* Build configuration list for PBXProject "TimeTurner" */ = {
			isa = XCConfigurationList;
			buildConfigurations = (
				1744946D23EABBAB00E52E5E /* Debug */,
				1744946E23EABBAB00E52E5E /* Release */,
			);
			defaultConfigurationIsVisible = 0;
			defaultConfigurationName = Release;
		};
		1744946F23EABBAB00E52E5E /* Build configuration list for PBXNativeTarget "TimeTurner" */ = {
			isa = XCConfigurationList;
			buildConfigurations = (
				1744947023EABBAB00E52E5E /* Debug */,
				1744947123EABBAB00E52E5E /* Release */,
			);
			defaultConfigurationIsVisible = 0;
			defaultConfigurationName = Release;
		};
		178FBE8824135DAE00E8F2D2 /* Build configuration list for PBXNativeTarget "TimeTurner_iOS" */ = {
			isa = XCConfigurationList;
			buildConfigurations = (
				178FBE8624135DAE00E8F2D2 /* Debug */,
				178FBE8724135DAE00E8F2D2 /* Release */,
			);
			defaultConfigurationIsVisible = 0;
			defaultConfigurationName = Release;
		};
/* End XCConfigurationList section */

/* Begin XCVersionGroup section */
		1744946023EABBA800E52E5E /* TimeTurner.xcdatamodeld */ = {
			isa = XCVersionGroup;
			children = (
				1744946123EABBA800E52E5E /* TimeTurner.xcdatamodel */,
			);
			currentVersion = 1744946123EABBA800E52E5E /* TimeTurner.xcdatamodel */;
			path = TimeTurner.xcdatamodeld;
			sourceTree = "<group>";
			versionGroupType = wrapper.xcdatamodel;
		};
		178FBE7824135DAB00E8F2D2 /* TimeTurner_iOS.xcdatamodeld */ = {
			isa = XCVersionGroup;
			children = (
				178FBE7924135DAB00E8F2D2 /* TimeTurner_iOS.xcdatamodel */,
			);
			currentVersion = 178FBE7924135DAB00E8F2D2 /* TimeTurner_iOS.xcdatamodel */;
			path = TimeTurner_iOS.xcdatamodeld;
			sourceTree = "<group>";
			versionGroupType = wrapper.xcdatamodel;
		};
/* End XCVersionGroup section */
	};
	rootObject = 1744945123EABBA800E52E5E /* Project object */;
}
